// !$*UTF8*$!
{
	archiveVersion = 1;
	classes = {
	};
	objectVersion = 48;
	objects = {

/* Begin PBXBuildFile section */
		171DBDC1203189D10071E9C1 /* AppDelegate.swift in Sources */ = {isa = PBXBuildFile; fileRef = 171DBDC0203189D10071E9C1 /* AppDelegate.swift */; };
		171DBDC3203189D10071E9C1 /* ViewController.swift in Sources */ = {isa = PBXBuildFile; fileRef = 171DBDC2203189D10071E9C1 /* ViewController.swift */; };
		171DBDC6203189D10071E9C1 /* Main.storyboard in Resources */ = {isa = PBXBuildFile; fileRef = 171DBDC4203189D10071E9C1 /* Main.storyboard */; };
		171DBDC8203189D10071E9C1 /* Assets.xcassets in Resources */ = {isa = PBXBuildFile; fileRef = 171DBDC7203189D10071E9C1 /* Assets.xcassets */; };
		171DBDCB203189D10071E9C1 /* LaunchScreen.storyboard in Resources */ = {isa = PBXBuildFile; fileRef = 171DBDC9203189D10071E9C1 /* LaunchScreen.storyboard */; };
		171DBDD320318A7A0071E9C1 /* CollectionViewRatioScrolled.swift in Sources */ = {isa = PBXBuildFile; fileRef = 171DBDD220318A7A0071E9C1 /* CollectionViewRatioScrolled.swift */; };
		171DBDD520318AA30071E9C1 /* CardOverlayView.swift in Sources */ = {isa = PBXBuildFile; fileRef = 171DBDD420318AA30071E9C1 /* CardOverlayView.swift */; };
		171DBDD720318AE20071E9C1 /* CardView.swift in Sources */ = {isa = PBXBuildFile; fileRef = 171DBDD620318AE20071E9C1 /* CardView.swift */; };
		171DBDD920318B4F0071E9C1 /* CenteredCellFlowLayout.swift in Sources */ = {isa = PBXBuildFile; fileRef = 171DBDD820318B4F0071E9C1 /* CenteredCellFlowLayout.swift */; };
		171DBDDB2031A49F0071E9C1 /* NumberCell.swift in Sources */ = {isa = PBXBuildFile; fileRef = 171DBDDA2031A49F0071E9C1 /* NumberCell.swift */; };
/* End PBXBuildFile section */

/* Begin PBXFileReference section */
		171DBDBD203189D10071E9C1 /* CollectionViewOverlayCard-Example.app */ = {isa = PBXFileReference; explicitFileType = wrapper.application; includeInIndex = 0; path = "CollectionViewOverlayCard-Example.app"; sourceTree = BUILT_PRODUCTS_DIR; };
		171DBDC0203189D10071E9C1 /* AppDelegate.swift */ = {isa = PBXFileReference; lastKnownFileType = sourcecode.swift; path = AppDelegate.swift; sourceTree = "<group>"; };
		171DBDC2203189D10071E9C1 /* ViewController.swift */ = {isa = PBXFileReference; lastKnownFileType = sourcecode.swift; path = ViewController.swift; sourceTree = "<group>"; };
		171DBDC5203189D10071E9C1 /* Base */ = {isa = PBXFileReference; lastKnownFileType = file.storyboard; name = Base; path = Base.lproj/Main.storyboard; sourceTree = "<group>"; };
		171DBDC7203189D10071E9C1 /* Assets.xcassets */ = {isa = PBXFileReference; lastKnownFileType = folder.assetcatalog; path = Assets.xcassets; sourceTree = "<group>"; };
		171DBDCA203189D10071E9C1 /* Base */ = {isa = PBXFileReference; lastKnownFileType = file.storyboard; name = Base; path = Base.lproj/LaunchScreen.storyboard; sourceTree = "<group>"; };
		171DBDCC203189D10071E9C1 /* Info.plist */ = {isa = PBXFileReference; lastKnownFileType = text.plist.xml; path = Info.plist; sourceTree = "<group>"; };
		171DBDD220318A7A0071E9C1 /* CollectionViewRatioScrolled.swift */ = {isa = PBXFileReference; lastKnownFileType = sourcecode.swift; path = CollectionViewRatioScrolled.swift; sourceTree = "<group>"; };
		171DBDD420318AA30071E9C1 /* CardOverlayView.swift */ = {isa = PBXFileReference; lastKnownFileType = sourcecode.swift; path = CardOverlayView.swift; sourceTree = "<group>"; };
		171DBDD620318AE20071E9C1 /* CardView.swift */ = {isa = PBXFileReference; lastKnownFileType = sourcecode.swift; path = CardView.swift; sourceTree = "<group>"; };
		171DBDD820318B4F0071E9C1 /* CenteredCellFlowLayout.swift */ = {isa = PBXFileReference; lastKnownFileType = sourcecode.swift; path = CenteredCellFlowLayout.swift; sourceTree = "<group>"; };
		171DBDDA2031A49F0071E9C1 /* NumberCell.swift */ = {isa = PBXFileReference; lastKnownFileType = sourcecode.swift; path = NumberCell.swift; sourceTree = "<group>"; };
/* End PBXFileReference section */

/* Begin PBXFrameworksBuildPhase section */
		171DBDBA203189D10071E9C1 /* Frameworks */ = {
			isa = PBXFrameworksBuildPhase;
			buildActionMask = 2147483647;
			files = (
			);
			runOnlyForDeploymentPostprocessing = 0;
		};
/* End PBXFrameworksBuildPhase section */

/* Begin PBXGroup section */
		171DBDB4203189D10071E9C1 = {
			isa = PBXGroup;
			children = (
				171DBDBF203189D10071E9C1 /* CollectionViewOverlayCard-Example */,
				171DBDBE203189D10071E9C1 /* Products */,
			);
			sourceTree = "<group>";
		};
		171DBDBE203189D10071E9C1 /* Products */ = {
			isa = PBXGroup;
			children = (
				171DBDBD203189D10071E9C1 /* CollectionViewOverlayCard-Example.app */,
			);
			name = Products;
			sourceTree = "<group>";
		};
		171DBDBF203189D10071E9C1 /* CollectionViewOverlayCard-Example */ = {
			isa = PBXGroup;
			children = (
				171DBDC0203189D10071E9C1 /* AppDelegate.swift */,
				171DBDC2203189D10071E9C1 /* ViewController.swift */,
				171DBDC4203189D10071E9C1 /* Main.storyboard */,
				171DBDC7203189D10071E9C1 /* Assets.xcassets */,
				171DBDC9203189D10071E9C1 /* LaunchScreen.storyboard */,
				171DBDCC203189D10071E9C1 /* Info.plist */,
				171DBDD220318A7A0071E9C1 /* CollectionViewRatioScrolled.swift */,
				171DBDD420318AA30071E9C1 /* CardOverlayView.swift */,
				171DBDD620318AE20071E9C1 /* CardView.swift */,
				171DBDD820318B4F0071E9C1 /* CenteredCellFlowLayout.swift */,
				171DBDDA2031A49F0071E9C1 /* NumberCell.swift */,
			);
			path = "CollectionViewOverlayCard-Example";
			sourceTree = "<group>";
		};
/* End PBXGroup section */

/* Begin PBXNativeTarget section */
		171DBDBC203189D10071E9C1 /* CollectionViewOverlayCard-Example */ = {
			isa = PBXNativeTarget;
			buildConfigurationList = 171DBDCF203189D10071E9C1 /* Build configuration list for PBXNativeTarget "CollectionViewOverlayCard-Example" */;
			buildPhases = (
				171DBDB9203189D10071E9C1 /* Sources */,
				171DBDBA203189D10071E9C1 /* Frameworks */,
				171DBDBB203189D10071E9C1 /* Resources */,
			);
			buildRules = (
			);
			dependencies = (
			);
			name = "CollectionViewOverlayCard-Example";
			productName = "CollectionViewOverlayCard-Example";
			productReference = 171DBDBD203189D10071E9C1 /* CollectionViewOverlayCard-Example.app */;
			productType = "com.apple.product-type.application";
		};
/* End PBXNativeTarget section */

/* Begin PBXProject section */
		171DBDB5203189D10071E9C1 /* Project object */ = {
			isa = PBXProject;
			attributes = {
				LastSwiftUpdateCheck = 0920;
				LastUpgradeCheck = 0920;
				ORGANIZATIONNAME = Hansoolabs;
				TargetAttributes = {
					171DBDBC203189D10071E9C1 = {
						CreatedOnToolsVersion = 9.2;
						ProvisioningStyle = Manual;
					};
				};
			};
			buildConfigurationList = 171DBDB8203189D10071E9C1 /* Build configuration list for PBXProject "CollectionViewOverlayCard-Example" */;
			compatibilityVersion = "Xcode 8.0";
			developmentRegion = en;
			hasScannedForEncodings = 0;
			knownRegions = (
				en,
				Base,
			);
			mainGroup = 171DBDB4203189D10071E9C1;
			productRefGroup = 171DBDBE203189D10071E9C1 /* Products */;
			projectDirPath = "";
			projectRoot = "";
			targets = (
				171DBDBC203189D10071E9C1 /* CollectionViewOverlayCard-Example */,
			);
		};
/* End PBXProject section */

/* Begin PBXResourcesBuildPhase section */
		171DBDBB203189D10071E9C1 /* Resources */ = {
			isa = PBXResourcesBuildPhase;
			buildActionMask = 2147483647;
			files = (
				171DBDCB203189D10071E9C1 /* LaunchScreen.storyboard in Resources */,
				171DBDC8203189D10071E9C1 /* Assets.xcassets in Resources */,
				171DBDC6203189D10071E9C1 /* Main.storyboard in Resources */,
			);
			runOnlyForDeploymentPostprocessing = 0;
		};
/* End PBXResourcesBuildPhase section */

/* Begin PBXSourcesBuildPhase section */
		171DBDB9203189D10071E9C1 /* Sources */ = {
			isa = PBXSourcesBuildPhase;
			buildActionMask = 2147483647;
			files = (
				171DBDC3203189D10071E9C1 /* ViewController.swift in Sources */,
				171DBDD920318B4F0071E9C1 /* CenteredCellFlowLayout.swift in Sources */,
				171DBDC1203189D10071E9C1 /* AppDelegate.swift in Sources */,
				171DBDD320318A7A0071E9C1 /* CollectionViewRatioScrolled.swift in Sources */,
				171DBDD520318AA30071E9C1 /* CardOverlayView.swift in Sources */,
				171DBDD720318AE20071E9C1 /* CardView.swift in Sources */,
				171DBDDB2031A49F0071E9C1 /* NumberCell.swift in Sources */,
			);
			runOnlyForDeploymentPostprocessing = 0;
		};
/* End PBXSourcesBuildPhase section */

/* Begin PBXVariantGroup section */
		171DBDC4203189D10071E9C1 /* Main.storyboard */ = {
			isa = PBXVariantGroup;
			children = (
				171DBDC5203189D10071E9C1 /* Base */,
			);
			name = Main.storyboard;
			sourceTree = "<group>";
		};
		171DBDC9203189D10071E9C1 /* LaunchScreen.storyboard */ = {
			isa = PBXVariantGroup;
			children = (
				171DBDCA203189D10071E9C1 /* Base */,
			);
			name = LaunchScreen.storyboard;
			sourceTree = "<group>";
		};
/* End PBXVariantGroup section */

/* Begin XCBuildConfiguration section */
		171DBDCD203189D10071E9C1 /* Debug */ = {
			isa = XCBuildConfiguration;
			buildSettings = {
				ALWAYS_SEARCH_USER_PATHS = NO;
				CLANG_ANALYZER_NONNULL = YES;
				CLANG_ANALYZER_NUMBER_OBJECT_CONVERSION = YES_AGGRESSIVE;
				CLANG_CXX_LANGUAGE_STANDARD = "gnu++14";
				CLANG_CXX_LIBRARY = "libc++";
				CLANG_ENABLE_MODULES = YES;
				CLANG_ENABLE_OBJC_ARC = YES;
				CLANG_WARN_BLOCK_CAPTURE_AUTORELEASING = YES;
				CLANG_WARN_BOOL_CONVERSION = YES;
				CLANG_WARN_COMMA = YES;
				CLANG_WARN_CONSTANT_CONVERSION = YES;
				CLANG_WARN_DIRECT_OBJC_ISA_USAGE = YES_ERROR;
				CLANG_WARN_DOCUMENTATION_COMMENTS = YES;
				CLANG_WARN_EMPTY_BODY = YES;
				CLANG_WARN_ENUM_CONVERSION = YES;
				CLANG_WARN_INFINITE_RECURSION = YES;
				CLANG_WARN_INT_CONVERSION = YES;
				CLANG_WARN_NON_LITERAL_NULL_CONVERSION = YES;
				CLANG_WARN_OBJC_LITERAL_CONVERSION = YES;
				CLANG_WARN_OBJC_ROOT_CLASS = YES_ERROR;
				CLANG_WARN_RANGE_LOOP_ANALYSIS = YES;
				CLANG_WARN_STRICT_PROTOTYPES = YES;
				CLANG_WARN_SUSPICIOUS_MOVE = YES;
				CLANG_WARN_UNGUARDED_AVAILABILITY = YES_AGGRESSIVE;
				CLANG_WARN_UNREACHABLE_CODE = YES;
				CLANG_WARN__DUPLICATE_METHOD_MATCH = YES;
				CODE_SIGN_IDENTITY = "iPhone Developer";
				COPY_PHASE_STRIP = NO;
				DEBUG_INFORMATION_FORMAT = dwarf;
				ENABLE_STRICT_OBJC_MSGSEND = YES;
				ENABLE_TESTABILITY = YES;
				GCC_C_LANGUAGE_STANDARD = gnu11;
				GCC_DYNAMIC_NO_PIC = NO;
				GCC_NO_COMMON_BLOCKS = YES;
				GCC_OPTIMIZATION_LEVEL = 0;
				GCC_PREPROCESSOR_DEFINITIONS = (
					"DEBUG=1",
					"$(inherited)",
				);
				GCC_WARN_64_TO_32_BIT_CONVERSION = YES;
				GCC_WARN_ABOUT_RETURN_TYPE = YES_ERROR;
				GCC_WARN_UNDECLARED_SELECTOR = YES;
				GCC_WARN_UNINITIALIZED_AUTOS = YES_AGGRESSIVE;
				GCC_WARN_UNUSED_FUNCTION = YES;
				GCC_WARN_UNUSED_VARIABLE = YES;
				IPHONEOS_DEPLOYMENT_TARGET = 11.2;
				MTL_ENABLE_DEBUG_INFO = YES;
				ONLY_ACTIVE_ARCH = YES;
				SDKROOT = iphoneos;
				SWIFT_ACTIVE_COMPILATION_CONDITIONS = DEBUG;
				SWIFT_OPTIMIZATION_LEVEL = "-Onone";
			};
			name = Debug;
		};
		171DBDCE203189D10071E9C1 /* Release */ = {
			isa = XCBuildConfiguration;
			buildSettings = {
				ALWAYS_SEARCH_USER_PATHS = NO;
				CLANG_ANALYZER_NONNULL = YES;
				CLANG_ANALYZER_NUMBER_OBJECT_CONVERSION = YES_AGGRESSIVE;
				CLANG_CXX_LANGUAGE_STANDARD = "gnu++14";
				CLANG_CXX_LIBRARY = "libc++";
				CLANG_ENABLE_MODULES = YES;
				CLANG_ENABLE_OBJC_ARC = YES;
				CLANG_WARN_BLOCK_CAPTURE_AUTORELEASING = YES;
				CLANG_WARN_BOOL_CONVERSION = YES;
				CLANG_WARN_COMMA = YES;
				CLANG_WARN_CONSTANT_CONVERSION = YES;
				CLANG_WARN_DIRECT_OBJC_ISA_USAGE = YES_ERROR;
				CLANG_WARN_DOCUMENTATION_COMMENTS = YES;
				CLANG_WARN_EMPTY_BODY = YES;
				CLANG_WARN_ENUM_CONVERSION = YES;
				CLANG_WARN_INFINITE_RECURSION = YES;
				CLANG_WARN_INT_CONVERSION = YES;
				CLANG_WARN_NON_LITERAL_NULL_CONVERSION = YES;
				CLANG_WARN_OBJC_LITERAL_CONVERSION = YES;
				CLANG_WARN_OBJC_ROOT_CLASS = YES_ERROR;
				CLANG_WARN_RANGE_LOOP_ANALYSIS = YES;
				CLANG_WARN_STRICT_PROTOTYPES = YES;
				CLANG_WARN_SUSPICIOUS_MOVE = YES;
				CLANG_WARN_UNGUARDED_AVAILABILITY = YES_AGGRESSIVE;
				CLANG_WARN_UNREACHABLE_CODE = YES;
				CLANG_WARN__DUPLICATE_METHOD_MATCH = YES;
				CODE_SIGN_IDENTITY = "iPhone Developer";
				COPY_PHASE_STRIP = NO;
				DEBUG_INFORMATION_FORMAT = "dwarf-with-dsym";
				ENABLE_NS_ASSERTIONS = NO;
				ENABLE_STRICT_OBJC_MSGSEND = YES;
				GCC_C_LANGUAGE_STANDARD = gnu11;
				GCC_NO_COMMON_BLOCKS = YES;
				GCC_WARN_64_TO_32_BIT_CONVERSION = YES;
				GCC_WARN_ABOUT_RETURN_TYPE = YES_ERROR;
				GCC_WARN_UNDECLARED_SELECTOR = YES;
				GCC_WARN_UNINITIALIZED_AUTOS = YES_AGGRESSIVE;
				GCC_WARN_UNUSED_FUNCTION = YES;
				GCC_WARN_UNUSED_VARIABLE = YES;
				IPHONEOS_DEPLOYMENT_TARGET = 11.2;
				MTL_ENABLE_DEBUG_INFO = NO;
				SDKROOT = iphoneos;
				SWIFT_OPTIMIZATION_LEVEL = "-Owholemodule";
				VALIDATE_PRODUCT = YES;
			};
			name = Release;
		};
		171DBDD0203189D10071E9C1 /* Debug */ = {
			isa = XCBuildConfiguration;
			buildSettings = {
				ASSETCATALOG_COMPILER_APPICON_NAME = AppIcon;
				CODE_SIGN_STYLE = Manual;
				DEVELOPMENT_TEAM = "";
				INFOPLIST_FILE = "CollectionViewOverlayCard-Example/Info.plist";
				LD_RUNPATH_SEARCH_PATHS = "$(inherited) @executable_path/Frameworks";
				PRODUCT_BUNDLE_IDENTIFIER = "com.hansoolabs.CollectionViewOverlayCard-Example";
				PRODUCT_NAME = "$(TARGET_NAME)";
				PROVISIONING_PROFILE_SPECIFIER = "";
				SWIFT_VERSION = 4.0;
				TARGETED_DEVICE_FAMILY = "1,2";
			};
			name = Debug;
		};
		171DBDD1203189D10071E9C1 /* Release */ = {
			isa = XCBuildConfiguration;
			buildSettings = {
				ASSETCATALOG_COMPILER_APPICON_NAME = AppIcon;
				CODE_SIGN_STYLE = Manual;
				DEVELOPMENT_TEAM = "";
				INFOPLIST_FILE = "CollectionViewOverlayCard-Example/Info.plist";
				LD_RUNPATH_SEARCH_PATHS = "$(inherited) @executable_path/Frameworks";
				PRODUCT_BUNDLE_IDENTIFIER = "com.hansoolabs.CollectionViewOverlayCard-Example";
				PRODUCT_NAME = "$(TARGET_NAME)";
				PROVISIONING_PROFILE_SPECIFIER = "";
				SWIFT_VERSION = 4.0;
				TARGETED_DEVICE_FAMILY = "1,2";
			};
			name = Release;
		};
/* End XCBuildConfiguration section */

/* Begin XCConfigurationList section */
		171DBDB8203189D10071E9C1 /* Build configuration list for PBXProject "CollectionViewOverlayCard-Example" */ = {
			isa = XCConfigurationList;
			buildConfigurations = (
				171DBDCD203189D10071E9C1 /* Debug */,
				171DBDCE203189D10071E9C1 /* Release */,
			);
			defaultConfigurationIsVisible = 0;
			defaultConfigurationName = Release;
		};
		171DBDCF203189D10071E9C1 /* Build configuration list for PBXNativeTarget "CollectionViewOverlayCard-Example" */ = {
			isa = XCConfigurationList;
			buildConfigurations = (
				171DBDD0203189D10071E9C1 /* Debug */,
				171DBDD1203189D10071E9C1 /* Release */,
			);
			defaultConfigurationIsVisible = 0;
			defaultConfigurationName = Release;
		};
/* End XCConfigurationList section */
	};
	rootObject = 171DBDB5203189D10071E9C1 /* Project object */;
}
